
Microsoft Visual Studio Solution File, Format Version 12.00
# Visual Studio Version 16
VisualStudioVersion = 16.0.29728.190
MinimumVisualStudioVersion = 10.0.40219.1
Project("{FAE04EC0-301F-11D3-BF4B-00C04F79EFBC}") = "EncryptDecrypt", "EncryptDecrypt\EncryptDecrypt.csproj", "{EF271881-5121-42D2-BAA5-402234ADF848}"
EndProject
Global
	GlobalSection(SolutionConfigurationPlatforms) = preSolution
		Debug|Any CPU = Debug|Any CPU
		Release|Any CPU = Release|Any CPU
	EndGlobalSection
	GlobalSection(ProjectConfigurationPlatforms) = postSolution
		{EF271881-5121-42D2-BAA5-402234ADF848}.Debug|Any CPU.ActiveCfg = Debug|Any CPU
		{EF271881-5121-42D2-BAA5-402234ADF848}.Debug|Any CPU.Build.0 = Debug|Any CPU
		{EF271881-5121-42D2-BAA5-402234ADF848}.Release|Any CPU.ActiveCfg = Release|Any CPU
		{EF271881-5121-42D2-BAA5-402234ADF848}.Release|Any CPU.Build.0 = Release|Any CPU
	EndGlobalSection
	GlobalSection(SolutionProperties) = preSolution
		HideSolutionNode = FALSE
	EndGlobalSection
	GlobalSection(ExtensibilityGlobals) = postSolution
		SolutionGuid = {E93D6D17-5E6F-4352-AB5C-BE52BE10AF08}
	EndGlobalSection
EndGlobal
